
Microsoft Visual Studio Solution File, Format Version 12.00
# Visual Studio 15
VisualStudioVersion = 15.0.27703.2042
MinimumVisualStudioVersion = 10.0.40219.1
Project("{DA7A21FA-8162-4350-AD77-A8D1B671F3ED}") = "DataScienceCourse1", "DataScienceCourse1\DataScienceCourse1.rxproj", "{24254FC2-72D1-45EB-8496-0386FEB1C9A1}"
EndProject
Global
	GlobalSection(SolutionConfigurationPlatforms) = preSolution
		Debug|Any CPU = Debug|Any CPU
		Release|Any CPU = Release|Any CPU
	EndGlobalSection
	GlobalSection(ProjectConfigurationPlatforms) = postSolution
		{24254FC2-72D1-45EB-8496-0386FEB1C9A1}.Debug|Any CPU.ActiveCfg = Debug|Any CPU
		{24254FC2-72D1-45EB-8496-0386FEB1C9A1}.Debug|Any CPU.Build.0 = Debug|Any CPU
		{24254FC2-72D1-45EB-8496-0386FEB1C9A1}.Release|Any CPU.ActiveCfg = Release|Any CPU
		{24254FC2-72D1-45EB-8496-0386FEB1C9A1}.Release|Any CPU.Build.0 = Release|Any CPU
	EndGlobalSection
	GlobalSection(SolutionProperties) = preSolution
		HideSolutionNode = FALSE
	EndGlobalSection
	GlobalSection(ExtensibilityGlobals) = postSolution
		SolutionGuid = {E162D455-C033-465D-BF60-6A9A3E6FE036}
	EndGlobalSection
EndGlobal
